
Microsoft Visual Studio Solution File, Format Version 12.00
Project("{FAE04EC0-301F-11D3-BF4B-00C04F79EFBC}") = "CodeLabsGenerator", "CodeLabsGenerator\CodeLabsGenerator.csproj", "{9AF36E26-1C66-45EF-B2F0-4DC748A729EB}"
EndProject
Project("{FAE04EC0-301F-11D3-BF4B-00C04F79EFBC}") = "IndexGenerator", "IndexGenerator\IndexGenerator.csproj", "{C20F4BE9-4F04-458A-89C4-B4A905AE7EE1}"
EndProject
Global
	GlobalSection(SolutionConfigurationPlatforms) = preSolution
		Debug|Any CPU = Debug|Any CPU
		Release|Any CPU = Release|Any CPU
	EndGlobalSection
	GlobalSection(ProjectConfigurationPlatforms) = postSolution
		{9AF36E26-1C66-45EF-B2F0-4DC748A729EB}.Debug|Any CPU.ActiveCfg = Debug|Any CPU
		{9AF36E26-1C66-45EF-B2F0-4DC748A729EB}.Debug|Any CPU.Build.0 = Debug|Any CPU
		{9AF36E26-1C66-45EF-B2F0-4DC748A729EB}.Release|Any CPU.ActiveCfg = Release|Any CPU
		{9AF36E26-1C66-45EF-B2F0-4DC748A729EB}.Release|Any CPU.Build.0 = Release|Any CPU
		{C20F4BE9-4F04-458A-89C4-B4A905AE7EE1}.Debug|Any CPU.ActiveCfg = Debug|Any CPU
		{C20F4BE9-4F04-458A-89C4-B4A905AE7EE1}.Debug|Any CPU.Build.0 = Debug|Any CPU
		{C20F4BE9-4F04-458A-89C4-B4A905AE7EE1}.Release|Any CPU.ActiveCfg = Release|Any CPU
		{C20F4BE9-4F04-458A-89C4-B4A905AE7EE1}.Release|Any CPU.Build.0 = Release|Any CPU
	EndGlobalSection
EndGlobal
